// !$*UTF8*$!
{
	archiveVersion = 1;
	classes = {
	};
	objectVersion = 55;
	objects = {

/* Begin PBXBuildFile section */
		A919AEC327C5594100467662 /* Jellyfish.dae in Resources */ = {isa = PBXBuildFile; fileRef = A919AEC227C5594100467662 /* Jellyfish.dae */; };
		A953E11327BEAAA0007DE44D /* Each.swift in Sources */ = {isa = PBXBuildFile; fileRef = A953E11227BEAAA0007DE44D /* Each.swift */; };
		A9F2C55127BD662800C275A0 /* AppDelegate.swift in Sources */ = {isa = PBXBuildFile; fileRef = A9F2C55027BD662800C275A0 /* AppDelegate.swift */; };
		A9F2C55327BD662800C275A0 /* SceneDelegate.swift in Sources */ = {isa = PBXBuildFile; fileRef = A9F2C55227BD662800C275A0 /* SceneDelegate.swift */; };
		A9F2C55527BD662800C275A0 /* ViewController.swift in Sources */ = {isa = PBXBuildFile; fileRef = A9F2C55427BD662800C275A0 /* ViewController.swift */; };
		A9F2C55827BD662800C275A0 /* Main.storyboard in Resources */ = {isa = PBXBuildFile; fileRef = A9F2C55627BD662800C275A0 /* Main.storyboard */; };
		A9F2C55A27BD662900C275A0 /* Assets.xcassets in Resources */ = {isa = PBXBuildFile; fileRef = A9F2C55927BD662900C275A0 /* Assets.xcassets */; };
		A9F2C55D27BD662900C275A0 /* LaunchScreen.storyboard in Resources */ = {isa = PBXBuildFile; fileRef = A9F2C55B27BD662900C275A0 /* LaunchScreen.storyboard */; };
		A9F2C56727BD75A300C275A0 /* Jellyfish.png in Resources */ = {isa = PBXBuildFile; fileRef = A9F2C56627BD75A200C275A0 /* Jellyfish.png */; };
		A9F2C56D27BD776F00C275A0 /* art.scnassets in Resources */ = {isa = PBXBuildFile; fileRef = A9F2C56C27BD776F00C275A0 /* art.scnassets */; };
/* End PBXBuildFile section */

/* Begin PBXFileReference section */
		A919AEC227C5594100467662 /* Jellyfish.dae */ = {isa = PBXFileReference; fileEncoding = 4; lastKnownFileType = text.xml.dae; path = Jellyfish.dae; sourceTree = "<group>"; };
		A953E11227BEAAA0007DE44D /* Each.swift */ = {isa = PBXFileReference; fileEncoding = 4; lastKnownFileType = sourcecode.swift; path = Each.swift; sourceTree = "<group>"; };
		A9F2C54D27BD662800C275A0 /* WantAYellyFish.app */ = {isa = PBXFileReference; explicitFileType = wrapper.application; includeInIndex = 0; path = WantAYellyFish.app; sourceTree = BUILT_PRODUCTS_DIR; };
		A9F2C55027BD662800C275A0 /* AppDelegate.swift */ = {isa = PBXFileReference; lastKnownFileType = sourcecode.swift; path = AppDelegate.swift; sourceTree = "<group>"; };
		A9F2C55227BD662800C275A0 /* SceneDelegate.swift */ = {isa = PBXFileReference; lastKnownFileType = sourcecode.swift; path = SceneDelegate.swift; sourceTree = "<group>"; };
		A9F2C55427BD662800C275A0 /* ViewController.swift */ = {isa = PBXFileReference; lastKnownFileType = sourcecode.swift; path = ViewController.swift; sourceTree = "<group>"; };
		A9F2C55727BD662800C275A0 /* Base */ = {isa = PBXFileReference; lastKnownFileType = file.storyboard; name = Base; path = Base.lproj/Main.storyboard; sourceTree = "<group>"; };
		A9F2C55927BD662900C275A0 /* Assets.xcassets */ = {isa = PBXFileReference; lastKnownFileType = folder.assetcatalog; path = Assets.xcassets; sourceTree = "<group>"; };
		A9F2C55C27BD662900C275A0 /* Base */ = {isa = PBXFileReference; lastKnownFileType = file.storyboard; name = Base; path = Base.lproj/LaunchScreen.storyboard; sourceTree = "<group>"; };
		A9F2C55E27BD662900C275A0 /* Info.plist */ = {isa = PBXFileReference; lastKnownFileType = text.plist.xml; path = Info.plist; sourceTree = "<group>"; };
		A9F2C56627BD75A200C275A0 /* Jellyfish.png */ = {isa = PBXFileReference; lastKnownFileType = image.png; path = Jellyfish.png; sourceTree = "<group>"; };
		A9F2C56C27BD776F00C275A0 /* art.scnassets */ = {isa = PBXFileReference; lastKnownFileType = wrapper.scnassets; path = art.scnassets; sourceTree = "<group>"; };
/* End PBXFileReference section */

/* Begin PBXFrameworksBuildPhase section */
		A9F2C54A27BD662800C275A0 /* Frameworks */ = {
			isa = PBXFrameworksBuildPhase;
			buildActionMask = 2147483647;
			files = (
			);
			runOnlyForDeploymentPostprocessing = 0;
		};
/* End PBXFrameworksBuildPhase section */

/* Begin PBXGroup section */
		A9F2C54427BD662800C275A0 = {
			isa = PBXGroup;
			children = (
				A9F2C54F27BD662800C275A0 /* WantAYellyFish */,
				A9F2C54E27BD662800C275A0 /* Products */,
			);
			sourceTree = "<group>";
		};
		A9F2C54E27BD662800C275A0 /* Products */ = {
			isa = PBXGroup;
			children = (
				A9F2C54D27BD662800C275A0 /* WantAYellyFish.app */,
			);
			name = Products;
			sourceTree = "<group>";
		};
		A9F2C54F27BD662800C275A0 /* WantAYellyFish */ = {
			isa = PBXGroup;
			children = (
				A919AEC227C5594100467662 /* Jellyfish.dae */,
				A9F2C56C27BD776F00C275A0 /* art.scnassets */,
				A9F2C56627BD75A200C275A0 /* Jellyfish.png */,
				A9F2C55027BD662800C275A0 /* AppDelegate.swift */,
				A9F2C55227BD662800C275A0 /* SceneDelegate.swift */,
				A9F2C55427BD662800C275A0 /* ViewController.swift */,
				A953E11227BEAAA0007DE44D /* Each.swift */,
				A9F2C55627BD662800C275A0 /* Main.storyboard */,
				A9F2C55927BD662900C275A0 /* Assets.xcassets */,
				A9F2C55B27BD662900C275A0 /* LaunchScreen.storyboard */,
				A9F2C55E27BD662900C275A0 /* Info.plist */,
			);
			path = WantAYellyFish;
			sourceTree = "<group>";
		};
/* End PBXGroup section */

/* Begin PBXNativeTarget section */
		A9F2C54C27BD662800C275A0 /* WantAYellyFish */ = {
			isa = PBXNativeTarget;
			buildConfigurationList = A9F2C56127BD662900C275A0 /* Build configuration list for PBXNativeTarget "WantAYellyFish" */;
			buildPhases = (
				A9F2C54927BD662800C275A0 /* Sources */,
				A9F2C54A27BD662800C275A0 /* Frameworks */,
				A9F2C54B27BD662800C275A0 /* Resources */,
			);
			buildRules = (
			);
			dependencies = (
			);
			name = WantAYellyFish;
			productName = WantAYellyFish;
			productReference = A9F2C54D27BD662800C275A0 /* WantAYellyFish.app */;
			productType = "com.apple.product-type.application";
		};
/* End PBXNativeTarget section */

/* Begin PBXProject section */
		A9F2C54527BD662800C275A0 /* Project object */ = {
			isa = PBXProject;
			attributes = {
				BuildIndependentTargetsInParallel = 1;
				LastSwiftUpdateCheck = 1320;
				LastUpgradeCheck = 1320;
				TargetAttributes = {
					A9F2C54C27BD662800C275A0 = {
						CreatedOnToolsVersion = 13.2.1;
					};
				};
			};
			buildConfigurationList = A9F2C54827BD662800C275A0 /* Build configuration list for PBXProject "WantAYellyFish" */;
			compatibilityVersion = "Xcode 13.0";
			developmentRegion = en;
			hasScannedForEncodings = 0;
			knownRegions = (
				en,
				Base,
			);
			mainGroup = A9F2C54427BD662800C275A0;
			productRefGroup = A9F2C54E27BD662800C275A0 /* Products */;
			projectDirPath = "";
			projectRoot = "";
			targets = (
				A9F2C54C27BD662800C275A0 /* WantAYellyFish */,
			);
		};
/* End PBXProject section */

/* Begin PBXResourcesBuildPhase section */
		A9F2C54B27BD662800C275A0 /* Resources */ = {
			isa = PBXResourcesBuildPhase;
			buildActionMask = 2147483647;
			files = (
				A9F2C56727BD75A300C275A0 /* Jellyfish.png in Resources */,
				A9F2C55D27BD662900C275A0 /* LaunchScreen.storyboard in Resources */,
				A9F2C55A27BD662900C275A0 /* Assets.xcassets in Resources */,
				A919AEC327C5594100467662 /* Jellyfish.dae in Resources */,
				A9F2C56D27BD776F00C275A0 /* art.scnassets in Resources */,
				A9F2C55827BD662800C275A0 /* Main.storyboard in Resources */,
			);
			runOnlyForDeploymentPostprocessing = 0;
		};
/* End PBXResourcesBuildPhase section */

/* Begin PBXSourcesBuildPhase section */
		A9F2C54927BD662800C275A0 /* Sources */ = {
			isa = PBXSourcesBuildPhase;
			buildActionMask = 2147483647;
			files = (
				A9F2C55527BD662800C275A0 /* ViewController.swift in Sources */,
				A9F2C55127BD662800C275A0 /* AppDelegate.swift in Sources */,
				A953E11327BEAAA0007DE44D /* Each.swift in Sources */,
				A9F2C55327BD662800C275A0 /* SceneDelegate.swift in Sources */,
			);
			runOnlyForDeploymentPostprocessing = 0;
		};
/* End PBXSourcesBuildPhase section */

/* Begin PBXVariantGroup section */
		A9F2C55627BD662800C275A0 /* Main.storyboard */ = {
			isa = PBXVariantGroup;
			children = (
				A9F2C55727BD662800C275A0 /* Base */,
			);
			name = Main.storyboard;
			sourceTree = "<group>";
		};
		A9F2C55B27BD662900C275A0 /* LaunchScreen.storyboard */ = {
			isa = PBXVariantGroup;
			children = (
				A9F2C55C27BD662900C275A0 /* Base */,
			);
			name = LaunchScreen.storyboard;
			sourceTree = "<group>";
		};
/* End PBXVariantGroup section */

/* Begin XCBuildConfiguration section */
		A9F2C55F27BD662900C275A0 /* Debug */ = {
			isa = XCBuildConfiguration;
			buildSettings = {
				ALWAYS_SEARCH_USER_PATHS = NO;
				CLANG_ANALYZER_NONNULL = YES;
				CLANG_ANALYZER_NUMBER_OBJECT_CONVERSION = YES_AGGRESSIVE;
				CLANG_CXX_LANGUAGE_STANDARD = "gnu++17";
				CLANG_CXX_LIBRARY = "libc++";
				CLANG_ENABLE_MODULES = YES;
				CLANG_ENABLE_OBJC_ARC = YES;
				CLANG_ENABLE_OBJC_WEAK = YES;
				CLANG_WARN_BLOCK_CAPTURE_AUTORELEASING = YES;
				CLANG_WARN_BOOL_CONVERSION = YES;
				CLANG_WARN_COMMA = YES;
				CLANG_WARN_CONSTANT_CONVERSION = YES;
				CLANG_WARN_DEPRECATED_OBJC_IMPLEMENTATIONS = YES;
				CLANG_WARN_DIRECT_OBJC_ISA_USAGE = YES_ERROR;
				CLANG_WARN_DOCUMENTATION_COMMENTS = YES;
				CLANG_WARN_EMPTY_BODY = YES;
				CLANG_WARN_ENUM_CONVERSION = YES;
				CLANG_WARN_INFINITE_RECURSION = YES;
				CLANG_WARN_INT_CONVERSION = YES;
				CLANG_WARN_NON_LITERAL_NULL_CONVERSION = YES;
				CLANG_WARN_OBJC_IMPLICIT_RETAIN_SELF = YES;
				CLANG_WARN_OBJC_LITERAL_CONVERSION = YES;
				CLANG_WARN_OBJC_ROOT_CLASS = YES_ERROR;
				CLANG_WARN_QUOTED_INCLUDE_IN_FRAMEWORK_HEADER = YES;
				CLANG_WARN_RANGE_LOOP_ANALYSIS = YES;
				CLANG_WARN_STRICT_PROTOTYPES = YES;
				CLANG_WARN_SUSPICIOUS_MOVE = YES;
				CLANG_WARN_UNGUARDED_AVAILABILITY = YES_AGGRESSIVE;
				CLANG_WARN_UNREACHABLE_CODE = YES;
				CLANG_WARN__DUPLICATE_METHOD_MATCH = YES;
				COPY_PHASE_STRIP = NO;
				DEBUG_INFORMATION_FORMAT = dwarf;
				ENABLE_STRICT_OBJC_MSGSEND = YES;
				ENABLE_TESTABILITY = YES;
				GCC_C_LANGUAGE_STANDARD = gnu11;
				GCC_DYNAMIC_NO_PIC = NO;
				GCC_NO_COMMON_BLOCKS = YES;
				GCC_OPTIMIZATION_LEVEL = 0;
				GCC_PREPROCESSOR_DEFINITIONS = (
					"DEBUG=1",
					"$(inherited)",
				);
				GCC_WARN_64_TO_32_BIT_CONVERSION = YES;
				GCC_WARN_ABOUT_RETURN_TYPE = YES_ERROR;
				GCC_WARN_UNDECLARED_SELECTOR = YES;
				GCC_WARN_UNINITIALIZED_AUTOS = YES_AGGRESSIVE;
				GCC_WARN_UNUSED_FUNCTION = YES;
				GCC_WARN_UNUSED_VARIABLE = YES;
				IPHONEOS_DEPLOYMENT_TARGET = 14.2;
				MTL_ENABLE_DEBUG_INFO = INCLUDE_SOURCE;
				MTL_FAST_MATH = YES;
				ONLY_ACTIVE_ARCH = YES;
				SDKROOT = iphoneos;
				SWIFT_ACTIVE_COMPILATION_CONDITIONS = DEBUG;
				SWIFT_OPTIMIZATION_LEVEL = "-Onone";
			};
			name = Debug;
		};
		A9F2C56027BD662900C275A0 /* Release */ = {
			isa = XCBuildConfiguration;
			buildSettings = {
				ALWAYS_SEARCH_USER_PATHS = NO;
				CLANG_ANALYZER_NONNULL = YES;
				CLANG_ANALYZER_NUMBER_OBJECT_CONVERSION = YES_AGGRESSIVE;
				CLANG_CXX_LANGUAGE_STANDARD = "gnu++17";
				CLANG_CXX_LIBRARY = "libc++";
				CLANG_ENABLE_MODULES = YES;
				CLANG_ENABLE_OBJC_ARC = YES;
				CLANG_ENABLE_OBJC_WEAK = YES;
				CLANG_WARN_BLOCK_CAPTURE_AUTORELEASING = YES;
				CLANG_WARN_BOOL_CONVERSION = YES;
				CLANG_WARN_COMMA = YES;
				CLANG_WARN_CONSTANT_CONVERSION = YES;
				CLANG_WARN_DEPRECATED_OBJC_IMPLEMENTATIONS = YES;
				CLANG_WARN_DIRECT_OBJC_ISA_USAGE = YES_ERROR;
				CLANG_WARN_DOCUMENTATION_COMMENTS = YES;
				CLANG_WARN_EMPTY_BODY = YES;
				CLANG_WARN_ENUM_CONVERSION = YES;
				CLANG_WARN_INFINITE_RECURSION = YES;
				CLANG_WARN_INT_CONVERSION = YES;
				CLANG_WARN_NON_LITERAL_NULL_CONVERSION = YES;
				CLANG_WARN_OBJC_IMPLICIT_RETAIN_SELF = YES;
				CLANG_WARN_OBJC_LITERAL_CONVERSION = YES;
				CLANG_WARN_OBJC_ROOT_CLASS = YES_ERROR;
				CLANG_WARN_QUOTED_INCLUDE_IN_FRAMEWORK_HEADER = YES;
				CLANG_WARN_RANGE_LOOP_ANALYSIS = YES;
				CLANG_WARN_STRICT_PROTOTYPES = YES;
				CLANG_WARN_SUSPICIOUS_MOVE = YES;
				CLANG_WARN_UNGUARDED_AVAILABILITY = YES_AGGRESSIVE;
				CLANG_WARN_UNREACHABLE_CODE = YES;
				CLANG_WARN__DUPLICATE_METHOD_MATCH = YES;
				COPY_PHASE_STRIP = NO;
				DEBUG_INFORMATION_FORMAT = "dwarf-with-dsym";
				ENABLE_NS_ASSERTIONS = NO;
				ENABLE_STRICT_OBJC_MSGSEND = YES;
				GCC_C_LANGUAGE_STANDARD = gnu11;
				GCC_NO_COMMON_BLOCKS = YES;
				GCC_WARN_64_TO_32_BIT_CONVERSION = YES;
				GCC_WARN_ABOUT_RETURN_TYPE = YES_ERROR;
				GCC_WARN_UNDECLARED_SELECTOR = YES;
				GCC_WARN_UNINITIALIZED_AUTOS = YES_AGGRESSIVE;
				GCC_WARN_UNUSED_FUNCTION = YES;
				GCC_WARN_UNUSED_VARIABLE = YES;
				IPHONEOS_DEPLOYMENT_TARGET = 14.2;
				MTL_ENABLE_DEBUG_INFO = NO;
				MTL_FAST_MATH = YES;
				SDKROOT = iphoneos;
				SWIFT_COMPILATION_MODE = wholemodule;
				SWIFT_OPTIMIZATION_LEVEL = "-O";
				VALIDATE_PRODUCT = YES;
			};
			name = Release;
		};
		A9F2C56227BD662900C275A0 /* Debug */ = {
			isa = XCBuildConfiguration;
			buildSettings = {
				ASSETCATALOG_COMPILER_APPICON_NAME = AppIcon;
				ASSETCATALOG_COMPILER_GLOBAL_ACCENT_COLOR_NAME = AccentColor;
				CODE_SIGN_STYLE = Automatic;
				CURRENT_PROJECT_VERSION = 1;
				DEVELOPMENT_TEAM = 7DTLRHN6WR;
				GENERATE_INFOPLIST_FILE = YES;
				INFOPLIST_FILE = WantAYellyFish/Info.plist;
				INFOPLIST_KEY_UIApplicationSupportsIndirectInputEvents = YES;
				INFOPLIST_KEY_UILaunchStoryboardName = LaunchScreen;
				INFOPLIST_KEY_UIMainStoryboardFile = Main;
				INFOPLIST_KEY_UISupportedInterfaceOrientations_iPad = "UIInterfaceOrientationPortrait UIInterfaceOrientationPortraitUpsideDown UIInterfaceOrientationLandscapeLeft UIInterfaceOrientationLandscapeRight";
				INFOPLIST_KEY_UISupportedInterfaceOrientations_iPhone = "UIInterfaceOrientationPortrait UIInterfaceOrientationLandscapeLeft UIInterfaceOrientationLandscapeRight";
				LD_RUNPATH_SEARCH_PATHS = (
					"$(inherited)",
					"@executable_path/Frameworks",
				);
				MARKETING_VERSION = 1.0;
				PRODUCT_BUNDLE_IDENTIFIER = com.esTech.WantAYellyFish;
				PRODUCT_NAME = "$(TARGET_NAME)";
				SWIFT_EMIT_LOC_STRINGS = YES;
				SWIFT_VERSION = 5.0;
				TARGETED_DEVICE_FAMILY = "1,2";
			};
			name = Debug;
		};
		A9F2C56327BD662900C275A0 /* Release */ = {
			isa = XCBuildConfiguration;
			buildSettings = {
				ASSETCATALOG_COMPILER_APPICON_NAME = AppIcon;
				ASSETCATALOG_COMPILER_GLOBAL_ACCENT_COLOR_NAME = AccentColor;
				CODE_SIGN_STYLE = Automatic;
				CURRENT_PROJECT_VERSION = 1;
				DEVELOPMENT_TEAM = 7DTLRHN6WR;
				GENERATE_INFOPLIST_FILE = YES;
				INFOPLIST_FILE = WantAYellyFish/Info.plist;
				INFOPLIST_KEY_UIApplicationSupportsIndirectInputEvents = YES;
				INFOPLIST_KEY_UILaunchStoryboardName = LaunchScreen;
				INFOPLIST_KEY_UIMainStoryboardFile = Main;
				INFOPLIST_KEY_UISupportedInterfaceOrientations_iPad = "UIInterfaceOrientationPortrait UIInterfaceOrientationPortraitUpsideDown UIInterfaceOrientationLandscapeLeft UIInterfaceOrientationLandscapeRight";
				INFOPLIST_KEY_UISupportedInterfaceOrientations_iPhone = "UIInterfaceOrientationPortrait UIInterfaceOrientationLandscapeLeft UIInterfaceOrientationLandscapeRight";
				LD_RUNPATH_SEARCH_PATHS = (
					"$(inherited)",
					"@executable_path/Frameworks",
				);
				MARKETING_VERSION = 1.0;
				PRODUCT_BUNDLE_IDENTIFIER = com.esTech.WantAYellyFish;
				PRODUCT_NAME = "$(TARGET_NAME)";
				SWIFT_EMIT_LOC_STRINGS = YES;
				SWIFT_VERSION = 5.0;
				TARGETED_DEVICE_FAMILY = "1,2";
			};
			name = Release;
		};
/* End XCBuildConfiguration section */

/* Begin XCConfigurationList section */
		A9F2C54827BD662800C275A0 /* Build configuration list for PBXProject "WantAYellyFish" */ = {
			isa = XCConfigurationList;
			buildConfigurations = (
				A9F2C55F27BD662900C275A0 /* Debug */,
				A9F2C56027BD662900C275A0 /* Release */,
			);
			defaultConfigurationIsVisible = 0;
			defaultConfigurationName = Release;
		};
		A9F2C56127BD662900C275A0 /* Build configuration list for PBXNativeTarget "WantAYellyFish" */ = {
			isa = XCConfigurationList;
			buildConfigurations = (
				A9F2C56227BD662900C275A0 /* Debug */,
				A9F2C56327BD662900C275A0 /* Release */,
			);
			defaultConfigurationIsVisible = 0;
			defaultConfigurationName = Release;
		};
/* End XCConfigurationList section */
	};
	rootObject = A9F2C54527BD662800C275A0 /* Project object */;
}
