// !$*UTF8*$!
{
	archiveVersion = 1;
	classes = {
	};
	objectVersion = 55;
	objects = {

/* Begin PBXBuildFile section */
		A91ACA8727442B44003B8136 /* AppDelegate.m in Sources */ = {isa = PBXBuildFile; fileRef = A91ACA8627442B44003B8136 /* AppDelegate.m */; };
		A91ACA8A27442B44003B8136 /* SceneDelegate.m in Sources */ = {isa = PBXBuildFile; fileRef = A91ACA8927442B44003B8136 /* SceneDelegate.m */; };
		A91ACA8D27442B44003B8136 /* ViewController.m in Sources */ = {isa = PBXBuildFile; fileRef = A91ACA8C27442B44003B8136 /* ViewController.m */; };
		A91ACA9027442B44003B8136 /* Main.storyboard in Resources */ = {isa = PBXBuildFile; fileRef = A91ACA8E27442B44003B8136 /* Main.storyboard */; };
		A91ACA9227442B45003B8136 /* Assets.xcassets in Resources */ = {isa = PBXBuildFile; fileRef = A91ACA9127442B45003B8136 /* Assets.xcassets */; };
		A91ACA9527442B45003B8136 /* LaunchScreen.storyboard in Resources */ = {isa = PBXBuildFile; fileRef = A91ACA9327442B45003B8136 /* LaunchScreen.storyboard */; };
		A91ACA9827442B45003B8136 /* main.m in Sources */ = {isa = PBXBuildFile; fileRef = A91ACA9727442B45003B8136 /* main.m */; };
		A91ACAA227442B45003B8136 /* UiTableViewEXTRATests.m in Sources */ = {isa = PBXBuildFile; fileRef = A91ACAA127442B45003B8136 /* UiTableViewEXTRATests.m */; };
		A91ACAAC27442B45003B8136 /* UiTableViewEXTRAUITests.m in Sources */ = {isa = PBXBuildFile; fileRef = A91ACAAB27442B45003B8136 /* UiTableViewEXTRAUITests.m */; };
		A91ACAAE27442B45003B8136 /* UiTableViewEXTRAUITestsLaunchTests.m in Sources */ = {isa = PBXBuildFile; fileRef = A91ACAAD27442B45003B8136 /* UiTableViewEXTRAUITestsLaunchTests.m */; };
		A91ACABF27442E71003B8136 /* MiCelda1.m in Sources */ = {isa = PBXBuildFile; fileRef = A91ACABE27442E71003B8136 /* MiCelda1.m */; };
/* End PBXBuildFile section */

/* Begin PBXContainerItemProxy section */
		A91ACA9E27442B45003B8136 /* PBXContainerItemProxy */ = {
			isa = PBXContainerItemProxy;
			containerPortal = A91ACA7A27442B44003B8136 /* Project object */;
			proxyType = 1;
			remoteGlobalIDString = A91ACA8127442B44003B8136;
			remoteInfo = UiTableViewEXTRA;
		};
		A91ACAA827442B45003B8136 /* PBXContainerItemProxy */ = {
			isa = PBXContainerItemProxy;
			containerPortal = A91ACA7A27442B44003B8136 /* Project object */;
			proxyType = 1;
			remoteGlobalIDString = A91ACA8127442B44003B8136;
			remoteInfo = UiTableViewEXTRA;
		};
/* End PBXContainerItemProxy section */

/* Begin PBXFileReference section */
		A91ACA8227442B44003B8136 /* UiTableViewEXTRA.app */ = {isa = PBXFileReference; explicitFileType = wrapper.application; includeInIndex = 0; path = UiTableViewEXTRA.app; sourceTree = BUILT_PRODUCTS_DIR; };
		A91ACA8527442B44003B8136 /* AppDelegate.h */ = {isa = PBXFileReference; lastKnownFileType = sourcecode.c.h; path = AppDelegate.h; sourceTree = "<group>"; };
		A91ACA8627442B44003B8136 /* AppDelegate.m */ = {isa = PBXFileReference; lastKnownFileType = sourcecode.c.objc; path = AppDelegate.m; sourceTree = "<group>"; };
		A91ACA8827442B44003B8136 /* SceneDelegate.h */ = {isa = PBXFileReference; lastKnownFileType = sourcecode.c.h; path = SceneDelegate.h; sourceTree = "<group>"; };
		A91ACA8927442B44003B8136 /* SceneDelegate.m */ = {isa = PBXFileReference; lastKnownFileType = sourcecode.c.objc; path = SceneDelegate.m; sourceTree = "<group>"; };
		A91ACA8B27442B44003B8136 /* ViewController.h */ = {isa = PBXFileReference; lastKnownFileType = sourcecode.c.h; path = ViewController.h; sourceTree = "<group>"; };
		A91ACA8C27442B44003B8136 /* ViewController.m */ = {isa = PBXFileReference; lastKnownFileType = sourcecode.c.objc; path = ViewController.m; sourceTree = "<group>"; };
		A91ACA8F27442B44003B8136 /* Base */ = {isa = PBXFileReference; lastKnownFileType = file.storyboard; name = Base; path = Base.lproj/Main.storyboard; sourceTree = "<group>"; };
		A91ACA9127442B45003B8136 /* Assets.xcassets */ = {isa = PBXFileReference; lastKnownFileType = folder.assetcatalog; path = Assets.xcassets; sourceTree = "<group>"; };
		A91ACA9427442B45003B8136 /* Base */ = {isa = PBXFileReference; lastKnownFileType = file.storyboard; name = Base; path = Base.lproj/LaunchScreen.storyboard; sourceTree = "<group>"; };
		A91ACA9627442B45003B8136 /* Info.plist */ = {isa = PBXFileReference; lastKnownFileType = text.plist.xml; path = Info.plist; sourceTree = "<group>"; };
		A91ACA9727442B45003B8136 /* main.m */ = {isa = PBXFileReference; lastKnownFileType = sourcecode.c.objc; path = main.m; sourceTree = "<group>"; };
		A91ACA9D27442B45003B8136 /* UiTableViewEXTRATests.xctest */ = {isa = PBXFileReference; explicitFileType = wrapper.cfbundle; includeInIndex = 0; path = UiTableViewEXTRATests.xctest; sourceTree = BUILT_PRODUCTS_DIR; };
		A91ACAA127442B45003B8136 /* UiTableViewEXTRATests.m */ = {isa = PBXFileReference; lastKnownFileType = sourcecode.c.objc; path = UiTableViewEXTRATests.m; sourceTree = "<group>"; };
		A91ACAA727442B45003B8136 /* UiTableViewEXTRAUITests.xctest */ = {isa = PBXFileReference; explicitFileType = wrapper.cfbundle; includeInIndex = 0; path = UiTableViewEXTRAUITests.xctest; sourceTree = BUILT_PRODUCTS_DIR; };
		A91ACAAB27442B45003B8136 /* UiTableViewEXTRAUITests.m */ = {isa = PBXFileReference; lastKnownFileType = sourcecode.c.objc; path = UiTableViewEXTRAUITests.m; sourceTree = "<group>"; };
		A91ACAAD27442B45003B8136 /* UiTableViewEXTRAUITestsLaunchTests.m */ = {isa = PBXFileReference; lastKnownFileType = sourcecode.c.objc; path = UiTableViewEXTRAUITestsLaunchTests.m; sourceTree = "<group>"; };
		A91ACABD27442E71003B8136 /* MiCelda1.h */ = {isa = PBXFileReference; lastKnownFileType = sourcecode.c.h; path = MiCelda1.h; sourceTree = "<group>"; };
		A91ACABE27442E71003B8136 /* MiCelda1.m */ = {isa = PBXFileReference; lastKnownFileType = sourcecode.c.objc; path = MiCelda1.m; sourceTree = "<group>"; };
/* End PBXFileReference section */

/* Begin PBXFrameworksBuildPhase section */
		A91ACA7F27442B44003B8136 /* Frameworks */ = {
			isa = PBXFrameworksBuildPhase;
			buildActionMask = 2147483647;
			files = (
			);
			runOnlyForDeploymentPostprocessing = 0;
		};
		A91ACA9A27442B45003B8136 /* Frameworks */ = {
			isa = PBXFrameworksBuildPhase;
			buildActionMask = 2147483647;
			files = (
			);
			runOnlyForDeploymentPostprocessing = 0;
		};
		A91ACAA427442B45003B8136 /* Frameworks */ = {
			isa = PBXFrameworksBuildPhase;
			buildActionMask = 2147483647;
			files = (
			);
			runOnlyForDeploymentPostprocessing = 0;
		};
/* End PBXFrameworksBuildPhase section */

/* Begin PBXGroup section */
		A91ACA7927442B44003B8136 = {
			isa = PBXGroup;
			children = (
				A91ACA8427442B44003B8136 /* UiTableViewEXTRA */,
				A91ACAA027442B45003B8136 /* UiTableViewEXTRATests */,
				A91ACAAA27442B45003B8136 /* UiTableViewEXTRAUITests */,
				A91ACA8327442B44003B8136 /* Products */,
			);
			sourceTree = "<group>";
		};
		A91ACA8327442B44003B8136 /* Products */ = {
			isa = PBXGroup;
			children = (
				A91ACA8227442B44003B8136 /* UiTableViewEXTRA.app */,
				A91ACA9D27442B45003B8136 /* UiTableViewEXTRATests.xctest */,
				A91ACAA727442B45003B8136 /* UiTableViewEXTRAUITests.xctest */,
			);
			name = Products;
			sourceTree = "<group>";
		};
		A91ACA8427442B44003B8136 /* UiTableViewEXTRA */ = {
			isa = PBXGroup;
			children = (
				A91ACA8527442B44003B8136 /* AppDelegate.h */,
				A91ACA8627442B44003B8136 /* AppDelegate.m */,
				A91ACA8827442B44003B8136 /* SceneDelegate.h */,
				A91ACA8927442B44003B8136 /* SceneDelegate.m */,
				A91ACA8B27442B44003B8136 /* ViewController.h */,
				A91ACA8C27442B44003B8136 /* ViewController.m */,
				A91ACA8E27442B44003B8136 /* Main.storyboard */,
				A91ACABD27442E71003B8136 /* MiCelda1.h */,
				A91ACABE27442E71003B8136 /* MiCelda1.m */,
				A91ACA9127442B45003B8136 /* Assets.xcassets */,
				A91ACA9327442B45003B8136 /* LaunchScreen.storyboard */,
				A91ACA9627442B45003B8136 /* Info.plist */,
				A91ACA9727442B45003B8136 /* main.m */,
			);
			path = UiTableViewEXTRA;
			sourceTree = "<group>";
		};
		A91ACAA027442B45003B8136 /* UiTableViewEXTRATests */ = {
			isa = PBXGroup;
			children = (
				A91ACAA127442B45003B8136 /* UiTableViewEXTRATests.m */,
			);
			path = UiTableViewEXTRATests;
			sourceTree = "<group>";
		};
		A91ACAAA27442B45003B8136 /* UiTableViewEXTRAUITests */ = {
			isa = PBXGroup;
			children = (
				A91ACAAB27442B45003B8136 /* UiTableViewEXTRAUITests.m */,
				A91ACAAD27442B45003B8136 /* UiTableViewEXTRAUITestsLaunchTests.m */,
			);
			path = UiTableViewEXTRAUITests;
			sourceTree = "<group>";
		};
/* End PBXGroup section */

/* Begin PBXNativeTarget section */
		A91ACA8127442B44003B8136 /* UiTableViewEXTRA */ = {
			isa = PBXNativeTarget;
			buildConfigurationList = A91ACAB127442B45003B8136 /* Build configuration list for PBXNativeTarget "UiTableViewEXTRA" */;
			buildPhases = (
				A91ACA7E27442B44003B8136 /* Sources */,
				A91ACA7F27442B44003B8136 /* Frameworks */,
				A91ACA8027442B44003B8136 /* Resources */,
			);
			buildRules = (
			);
			dependencies = (
			);
			name = UiTableViewEXTRA;
			productName = UiTableViewEXTRA;
			productReference = A91ACA8227442B44003B8136 /* UiTableViewEXTRA.app */;
			productType = "com.apple.product-type.application";
		};
		A91ACA9C27442B45003B8136 /* UiTableViewEXTRATests */ = {
			isa = PBXNativeTarget;
			buildConfigurationList = A91ACAB427442B45003B8136 /* Build configuration list for PBXNativeTarget "UiTableViewEXTRATests" */;
			buildPhases = (
				A91ACA9927442B45003B8136 /* Sources */,
				A91ACA9A27442B45003B8136 /* Frameworks */,
				A91ACA9B27442B45003B8136 /* Resources */,
			);
			buildRules = (
			);
			dependencies = (
				A91ACA9F27442B45003B8136 /* PBXTargetDependency */,
			);
			name = UiTableViewEXTRATests;
			productName = UiTableViewEXTRATests;
			productReference = A91ACA9D27442B45003B8136 /* UiTableViewEXTRATests.xctest */;
			productType = "com.apple.product-type.bundle.unit-test";
		};
		A91ACAA627442B45003B8136 /* UiTableViewEXTRAUITests */ = {
			isa = PBXNativeTarget;
			buildConfigurationList = A91ACAB727442B45003B8136 /* Build configuration list for PBXNativeTarget "UiTableViewEXTRAUITests" */;
			buildPhases = (
				A91ACAA327442B45003B8136 /* Sources */,
				A91ACAA427442B45003B8136 /* Frameworks */,
				A91ACAA527442B45003B8136 /* Resources */,
			);
			buildRules = (
			);
			dependencies = (
				A91ACAA927442B45003B8136 /* PBXTargetDependency */,
			);
			name = UiTableViewEXTRAUITests;
			productName = UiTableViewEXTRAUITests;
			productReference = A91ACAA727442B45003B8136 /* UiTableViewEXTRAUITests.xctest */;
			productType = "com.apple.product-type.bundle.ui-testing";
		};
/* End PBXNativeTarget section */

/* Begin PBXProject section */
		A91ACA7A27442B44003B8136 /* Project object */ = {
			isa = PBXProject;
			attributes = {
				BuildIndependentTargetsInParallel = 1;
				LastUpgradeCheck = 1310;
				TargetAttributes = {
					A91ACA8127442B44003B8136 = {
						CreatedOnToolsVersion = 13.1;
					};
					A91ACA9C27442B45003B8136 = {
						CreatedOnToolsVersion = 13.1;
						TestTargetID = A91ACA8127442B44003B8136;
					};
					A91ACAA627442B45003B8136 = {
						CreatedOnToolsVersion = 13.1;
						TestTargetID = A91ACA8127442B44003B8136;
					};
				};
			};
			buildConfigurationList = A91ACA7D27442B44003B8136 /* Build configuration list for PBXProject "UiTableViewEXTRA" */;
			compatibilityVersion = "Xcode 13.0";
			developmentRegion = en;
			hasScannedForEncodings = 0;
			knownRegions = (
				en,
				Base,
			);
			mainGroup = A91ACA7927442B44003B8136;
			productRefGroup = A91ACA8327442B44003B8136 /* Products */;
			projectDirPath = "";
			projectRoot = "";
			targets = (
				A91ACA8127442B44003B8136 /* UiTableViewEXTRA */,
				A91ACA9C27442B45003B8136 /* UiTableViewEXTRATests */,
				A91ACAA627442B45003B8136 /* UiTableViewEXTRAUITests */,
			);
		};
/* End PBXProject section */

/* Begin PBXResourcesBuildPhase section */
		A91ACA8027442B44003B8136 /* Resources */ = {
			isa = PBXResourcesBuildPhase;
			buildActionMask = 2147483647;
			files = (
				A91ACA9527442B45003B8136 /* LaunchScreen.storyboard in Resources */,
				A91ACA9227442B45003B8136 /* Assets.xcassets in Resources */,
				A91ACA9027442B44003B8136 /* Main.storyboard in Resources */,
			);
			runOnlyForDeploymentPostprocessing = 0;
		};
		A91ACA9B27442B45003B8136 /* Resources */ = {
			isa = PBXResourcesBuildPhase;
			buildActionMask = 2147483647;
			files = (
			);
			runOnlyForDeploymentPostprocessing = 0;
		};
		A91ACAA527442B45003B8136 /* Resources */ = {
			isa = PBXResourcesBuildPhase;
			buildActionMask = 2147483647;
			files = (
			);
			runOnlyForDeploymentPostprocessing = 0;
		};
/* End PBXResourcesBuildPhase section */

/* Begin PBXSourcesBuildPhase section */
		A91ACA7E27442B44003B8136 /* Sources */ = {
			isa = PBXSourcesBuildPhase;
			buildActionMask = 2147483647;
			files = (
				A91ACA8D27442B44003B8136 /* ViewController.m in Sources */,
				A91ACABF27442E71003B8136 /* MiCelda1.m in Sources */,
				A91ACA8727442B44003B8136 /* AppDelegate.m in Sources */,
				A91ACA9827442B45003B8136 /* main.m in Sources */,
				A91ACA8A27442B44003B8136 /* SceneDelegate.m in Sources */,
			);
			runOnlyForDeploymentPostprocessing = 0;
		};
		A91ACA9927442B45003B8136 /* Sources */ = {
			isa = PBXSourcesBuildPhase;
			buildActionMask = 2147483647;
			files = (
				A91ACAA227442B45003B8136 /* UiTableViewEXTRATests.m in Sources */,
			);
			runOnlyForDeploymentPostprocessing = 0;
		};
		A91ACAA327442B45003B8136 /* Sources */ = {
			isa = PBXSourcesBuildPhase;
			buildActionMask = 2147483647;
			files = (
				A91ACAAC27442B45003B8136 /* UiTableViewEXTRAUITests.m in Sources */,
				A91ACAAE27442B45003B8136 /* UiTableViewEXTRAUITestsLaunchTests.m in Sources */,
			);
			runOnlyForDeploymentPostprocessing = 0;
		};
/* End PBXSourcesBuildPhase section */

/* Begin PBXTargetDependency section */
		A91ACA9F27442B45003B8136 /* PBXTargetDependency */ = {
			isa = PBXTargetDependency;
			target = A91ACA8127442B44003B8136 /* UiTableViewEXTRA */;
			targetProxy = A91ACA9E27442B45003B8136 /* PBXContainerItemProxy */;
		};
		A91ACAA927442B45003B8136 /* PBXTargetDependency */ = {
			isa = PBXTargetDependency;
			target = A91ACA8127442B44003B8136 /* UiTableViewEXTRA */;
			targetProxy = A91ACAA827442B45003B8136 /* PBXContainerItemProxy */;
		};
/* End PBXTargetDependency section */

/* Begin PBXVariantGroup section */
		A91ACA8E27442B44003B8136 /* Main.storyboard */ = {
			isa = PBXVariantGroup;
			children = (
				A91ACA8F27442B44003B8136 /* Base */,
			);
			name = Main.storyboard;
			sourceTree = "<group>";
		};
		A91ACA9327442B45003B8136 /* LaunchScreen.storyboard */ = {
			isa = PBXVariantGroup;
			children = (
				A91ACA9427442B45003B8136 /* Base */,
			);
			name = LaunchScreen.storyboard;
			sourceTree = "<group>";
		};
/* End PBXVariantGroup section */

/* Begin XCBuildConfiguration section */
		A91ACAAF27442B45003B8136 /* Debug */ = {
			isa = XCBuildConfiguration;
			buildSettings = {
				ALWAYS_SEARCH_USER_PATHS = NO;
				CLANG_ANALYZER_NONNULL = YES;
				CLANG_ANALYZER_NUMBER_OBJECT_CONVERSION = YES_AGGRESSIVE;
				CLANG_CXX_LANGUAGE_STANDARD = "gnu++17";
				CLANG_CXX_LIBRARY = "libc++";
				CLANG_ENABLE_MODULES = YES;
				CLANG_ENABLE_OBJC_ARC = YES;
				CLANG_ENABLE_OBJC_WEAK = YES;
				CLANG_WARN_BLOCK_CAPTURE_AUTORELEASING = YES;
				CLANG_WARN_BOOL_CONVERSION = YES;
				CLANG_WARN_COMMA = YES;
				CLANG_WARN_CONSTANT_CONVERSION = YES;
				CLANG_WARN_DEPRECATED_OBJC_IMPLEMENTATIONS = YES;
				CLANG_WARN_DIRECT_OBJC_ISA_USAGE = YES_ERROR;
				CLANG_WARN_DOCUMENTATION_COMMENTS = YES;
				CLANG_WARN_EMPTY_BODY = YES;
				CLANG_WARN_ENUM_CONVERSION = YES;
				CLANG_WARN_INFINITE_RECURSION = YES;
				CLANG_WARN_INT_CONVERSION = YES;
				CLANG_WARN_NON_LITERAL_NULL_CONVERSION = YES;
				CLANG_WARN_OBJC_IMPLICIT_RETAIN_SELF = YES;
				CLANG_WARN_OBJC_LITERAL_CONVERSION = YES;
				CLANG_WARN_OBJC_ROOT_CLASS = YES_ERROR;
				CLANG_WARN_QUOTED_INCLUDE_IN_FRAMEWORK_HEADER = YES;
				CLANG_WARN_RANGE_LOOP_ANALYSIS = YES;
				CLANG_WARN_STRICT_PROTOTYPES = YES;
				CLANG_WARN_SUSPICIOUS_MOVE = YES;
				CLANG_WARN_UNGUARDED_AVAILABILITY = YES_AGGRESSIVE;
				CLANG_WARN_UNREACHABLE_CODE = YES;
				CLANG_WARN__DUPLICATE_METHOD_MATCH = YES;
				COPY_PHASE_STRIP = NO;
				DEBUG_INFORMATION_FORMAT = dwarf;
				ENABLE_STRICT_OBJC_MSGSEND = YES;
				ENABLE_TESTABILITY = YES;
				GCC_C_LANGUAGE_STANDARD = gnu11;
				GCC_DYNAMIC_NO_PIC = NO;
				GCC_NO_COMMON_BLOCKS = YES;
				GCC_OPTIMIZATION_LEVEL = 0;
				GCC_PREPROCESSOR_DEFINITIONS = (
					"DEBUG=1",
					"$(inherited)",
				);
				GCC_WARN_64_TO_32_BIT_CONVERSION = YES;
				GCC_WARN_ABOUT_RETURN_TYPE = YES_ERROR;
				GCC_WARN_UNDECLARED_SELECTOR = YES;
				GCC_WARN_UNINITIALIZED_AUTOS = YES_AGGRESSIVE;
				GCC_WARN_UNUSED_FUNCTION = YES;
				GCC_WARN_UNUSED_VARIABLE = YES;
				IPHONEOS_DEPLOYMENT_TARGET = 15.0;
				MTL_ENABLE_DEBUG_INFO = INCLUDE_SOURCE;
				MTL_FAST_MATH = YES;
				ONLY_ACTIVE_ARCH = YES;
				SDKROOT = iphoneos;
			};
			name = Debug;
		};
		A91ACAB027442B45003B8136 /* Release */ = {
			isa = XCBuildConfiguration;
			buildSettings = {
				ALWAYS_SEARCH_USER_PATHS = NO;
				CLANG_ANALYZER_NONNULL = YES;
				CLANG_ANALYZER_NUMBER_OBJECT_CONVERSION = YES_AGGRESSIVE;
				CLANG_CXX_LANGUAGE_STANDARD = "gnu++17";
				CLANG_CXX_LIBRARY = "libc++";
				CLANG_ENABLE_MODULES = YES;
				CLANG_ENABLE_OBJC_ARC = YES;
				CLANG_ENABLE_OBJC_WEAK = YES;
				CLANG_WARN_BLOCK_CAPTURE_AUTORELEASING = YES;
				CLANG_WARN_BOOL_CONVERSION = YES;
				CLANG_WARN_COMMA = YES;
				CLANG_WARN_CONSTANT_CONVERSION = YES;
				CLANG_WARN_DEPRECATED_OBJC_IMPLEMENTATIONS = YES;
				CLANG_WARN_DIRECT_OBJC_ISA_USAGE = YES_ERROR;
				CLANG_WARN_DOCUMENTATION_COMMENTS = YES;
				CLANG_WARN_EMPTY_BODY = YES;
				CLANG_WARN_ENUM_CONVERSION = YES;
				CLANG_WARN_INFINITE_RECURSION = YES;
				CLANG_WARN_INT_CONVERSION = YES;
				CLANG_WARN_NON_LITERAL_NULL_CONVERSION = YES;
				CLANG_WARN_OBJC_IMPLICIT_RETAIN_SELF = YES;
				CLANG_WARN_OBJC_LITERAL_CONVERSION = YES;
				CLANG_WARN_OBJC_ROOT_CLASS = YES_ERROR;
				CLANG_WARN_QUOTED_INCLUDE_IN_FRAMEWORK_HEADER = YES;
				CLANG_WARN_RANGE_LOOP_ANALYSIS = YES;
				CLANG_WARN_STRICT_PROTOTYPES = YES;
				CLANG_WARN_SUSPICIOUS_MOVE = YES;
				CLANG_WARN_UNGUARDED_AVAILABILITY = YES_AGGRESSIVE;
				CLANG_WARN_UNREACHABLE_CODE = YES;
				CLANG_WARN__DUPLICATE_METHOD_MATCH = YES;
				COPY_PHASE_STRIP = NO;
				DEBUG_INFORMATION_FORMAT = "dwarf-with-dsym";
				ENABLE_NS_ASSERTIONS = NO;
				ENABLE_STRICT_OBJC_MSGSEND = YES;
				GCC_C_LANGUAGE_STANDARD = gnu11;
				GCC_NO_COMMON_BLOCKS = YES;
				GCC_WARN_64_TO_32_BIT_CONVERSION = YES;
				GCC_WARN_ABOUT_RETURN_TYPE = YES_ERROR;
				GCC_WARN_UNDECLARED_SELECTOR = YES;
				GCC_WARN_UNINITIALIZED_AUTOS = YES_AGGRESSIVE;
				GCC_WARN_UNUSED_FUNCTION = YES;
				GCC_WARN_UNUSED_VARIABLE = YES;
				IPHONEOS_DEPLOYMENT_TARGET = 15.0;
				MTL_ENABLE_DEBUG_INFO = NO;
				MTL_FAST_MATH = YES;
				SDKROOT = iphoneos;
				VALIDATE_PRODUCT = YES;
			};
			name = Release;
		};
		A91ACAB227442B45003B8136 /* Debug */ = {
			isa = XCBuildConfiguration;
			buildSettings = {
				ASSETCATALOG_COMPILER_APPICON_NAME = AppIcon;
				ASSETCATALOG_COMPILER_GLOBAL_ACCENT_COLOR_NAME = AccentColor;
				CODE_SIGN_STYLE = Automatic;
				CURRENT_PROJECT_VERSION = 1;
				GENERATE_INFOPLIST_FILE = YES;
				INFOPLIST_FILE = UiTableViewEXTRA/Info.plist;
				INFOPLIST_KEY_UIApplicationSupportsIndirectInputEvents = YES;
				INFOPLIST_KEY_UILaunchStoryboardName = LaunchScreen;
				INFOPLIST_KEY_UIMainStoryboardFile = Main;
				INFOPLIST_KEY_UISupportedInterfaceOrientations_iPad = "UIInterfaceOrientationPortrait UIInterfaceOrientationPortraitUpsideDown UIInterfaceOrientationLandscapeLeft UIInterfaceOrientationLandscapeRight";
				INFOPLIST_KEY_UISupportedInterfaceOrientations_iPhone = "UIInterfaceOrientationPortrait UIInterfaceOrientationLandscapeLeft UIInterfaceOrientationLandscapeRight";
				LD_RUNPATH_SEARCH_PATHS = (
					"$(inherited)",
					"@executable_path/Frameworks",
				);
				MARKETING_VERSION = 1.0;
				PRODUCT_BUNDLE_IDENTIFIER = com.esTech.UiTableViewEXTRA;
				PRODUCT_NAME = "$(TARGET_NAME)";
				SWIFT_EMIT_LOC_STRINGS = YES;
				TARGETED_DEVICE_FAMILY = "1,2";
			};
			name = Debug;
		};
		A91ACAB327442B45003B8136 /* Release */ = {
			isa = XCBuildConfiguration;
			buildSettings = {
				ASSETCATALOG_COMPILER_APPICON_NAME = AppIcon;
				ASSETCATALOG_COMPILER_GLOBAL_ACCENT_COLOR_NAME = AccentColor;
				CODE_SIGN_STYLE = Automatic;
				CURRENT_PROJECT_VERSION = 1;
				GENERATE_INFOPLIST_FILE = YES;
				INFOPLIST_FILE = UiTableViewEXTRA/Info.plist;
				INFOPLIST_KEY_UIApplicationSupportsIndirectInputEvents = YES;
				INFOPLIST_KEY_UILaunchStoryboardName = LaunchScreen;
				INFOPLIST_KEY_UIMainStoryboardFile = Main;
				INFOPLIST_KEY_UISupportedInterfaceOrientations_iPad = "UIInterfaceOrientationPortrait UIInterfaceOrientationPortraitUpsideDown UIInterfaceOrientationLandscapeLeft UIInterfaceOrientationLandscapeRight";
				INFOPLIST_KEY_UISupportedInterfaceOrientations_iPhone = "UIInterfaceOrientationPortrait UIInterfaceOrientationLandscapeLeft UIInterfaceOrientationLandscapeRight";
				LD_RUNPATH_SEARCH_PATHS = (
					"$(inherited)",
					"@executable_path/Frameworks",
				);
				MARKETING_VERSION = 1.0;
				PRODUCT_BUNDLE_IDENTIFIER = com.esTech.UiTableViewEXTRA;
				PRODUCT_NAME = "$(TARGET_NAME)";
				SWIFT_EMIT_LOC_STRINGS = YES;
				TARGETED_DEVICE_FAMILY = "1,2";
			};
			name = Release;
		};
		A91ACAB527442B45003B8136 /* Debug */ = {
			isa = XCBuildConfiguration;
			buildSettings = {
				BUNDLE_LOADER = "$(TEST_HOST)";
				CODE_SIGN_STYLE = Automatic;
				CURRENT_PROJECT_VERSION = 1;
				GENERATE_INFOPLIST_FILE = YES;
				IPHONEOS_DEPLOYMENT_TARGET = 15.0;
				LD_RUNPATH_SEARCH_PATHS = (
					"$(inherited)",
					"@executable_path/Frameworks",
					"@loader_path/Frameworks",
				);
				MARKETING_VERSION = 1.0;
				PRODUCT_BUNDLE_IDENTIFIER = com.esTech.UiTableViewEXTRATests;
				PRODUCT_NAME = "$(TARGET_NAME)";
				SWIFT_EMIT_LOC_STRINGS = NO;
				TARGETED_DEVICE_FAMILY = "1,2";
				TEST_HOST = "$(BUILT_PRODUCTS_DIR)/UiTableViewEXTRA.app/UiTableViewEXTRA";
			};
			name = Debug;
		};
		A91ACAB627442B45003B8136 /* Release */ = {
			isa = XCBuildConfiguration;
			buildSettings = {
				BUNDLE_LOADER = "$(TEST_HOST)";
				CODE_SIGN_STYLE = Automatic;
				CURRENT_PROJECT_VERSION = 1;
				GENERATE_INFOPLIST_FILE = YES;
				IPHONEOS_DEPLOYMENT_TARGET = 15.0;
				LD_RUNPATH_SEARCH_PATHS = (
					"$(inherited)",
					"@executable_path/Frameworks",
					"@loader_path/Frameworks",
				);
				MARKETING_VERSION = 1.0;
				PRODUCT_BUNDLE_IDENTIFIER = com.esTech.UiTableViewEXTRATests;
				PRODUCT_NAME = "$(TARGET_NAME)";
				SWIFT_EMIT_LOC_STRINGS = NO;
				TARGETED_DEVICE_FAMILY = "1,2";
				TEST_HOST = "$(BUILT_PRODUCTS_DIR)/UiTableViewEXTRA.app/UiTableViewEXTRA";
			};
			name = Release;
		};
		A91ACAB827442B45003B8136 /* Debug */ = {
			isa = XCBuildConfiguration;
			buildSettings = {
				CODE_SIGN_STYLE = Automatic;
				CURRENT_PROJECT_VERSION = 1;
				GENERATE_INFOPLIST_FILE = YES;
				LD_RUNPATH_SEARCH_PATHS = (
					"$(inherited)",
					"@executable_path/Frameworks",
					"@loader_path/Frameworks",
				);
				MARKETING_VERSION = 1.0;
				PRODUCT_BUNDLE_IDENTIFIER = com.esTech.UiTableViewEXTRAUITests;
				PRODUCT_NAME = "$(TARGET_NAME)";
				SWIFT_EMIT_LOC_STRINGS = NO;
				TARGETED_DEVICE_FAMILY = "1,2";
				TEST_TARGET_NAME = UiTableViewEXTRA;
			};
			name = Debug;
		};
		A91ACAB927442B45003B8136 /* Release */ = {
			isa = XCBuildConfiguration;
			buildSettings = {
				CODE_SIGN_STYLE = Automatic;
				CURRENT_PROJECT_VERSION = 1;
				GENERATE_INFOPLIST_FILE = YES;
				LD_RUNPATH_SEARCH_PATHS = (
					"$(inherited)",
					"@executable_path/Frameworks",
					"@loader_path/Frameworks",
				);
				MARKETING_VERSION = 1.0;
				PRODUCT_BUNDLE_IDENTIFIER = com.esTech.UiTableViewEXTRAUITests;
				PRODUCT_NAME = "$(TARGET_NAME)";
				SWIFT_EMIT_LOC_STRINGS = NO;
				TARGETED_DEVICE_FAMILY = "1,2";
				TEST_TARGET_NAME = UiTableViewEXTRA;
			};
			name = Release;
		};
/* End XCBuildConfiguration section */

/* Begin XCConfigurationList section */
		A91ACA7D27442B44003B8136 /* Build configuration list for PBXProject "UiTableViewEXTRA" */ = {
			isa = XCConfigurationList;
			buildConfigurations = (
				A91ACAAF27442B45003B8136 /* Debug */,
				A91ACAB027442B45003B8136 /* Release */,
			);
			defaultConfigurationIsVisible = 0;
			defaultConfigurationName = Release;
		};
		A91ACAB127442B45003B8136 /* Build configuration list for PBXNativeTarget "UiTableViewEXTRA" */ = {
			isa = XCConfigurationList;
			buildConfigurations = (
				A91ACAB227442B45003B8136 /* Debug */,
				A91ACAB327442B45003B8136 /* Release */,
			);
			defaultConfigurationIsVisible = 0;
			defaultConfigurationName = Release;
		};
		A91ACAB427442B45003B8136 /* Build configuration list for PBXNativeTarget "UiTableViewEXTRATests" */ = {
			isa = XCConfigurationList;
			buildConfigurations = (
				A91ACAB527442B45003B8136 /* Debug */,
				A91ACAB627442B45003B8136 /* Release */,
			);
			defaultConfigurationIsVisible = 0;
			defaultConfigurationName = Release;
		};
		A91ACAB727442B45003B8136 /* Build configuration list for PBXNativeTarget "UiTableViewEXTRAUITests" */ = {
			isa = XCConfigurationList;
			buildConfigurations = (
				A91ACAB827442B45003B8136 /* Debug */,
				A91ACAB927442B45003B8136 /* Release */,
			);
			defaultConfigurationIsVisible = 0;
			defaultConfigurationName = Release;
		};
/* End XCConfigurationList section */
	};
	rootObject = A91ACA7A27442B44003B8136 /* Project object */;
}
