// !$*UTF8*$!
{
	archiveVersion = 1;
	classes = {
	};
	objectVersion = 55;
	objects = {

/* Begin PBXBuildFile section */
		A969FBE5271A089100E1C34E /* AppDelegate.m in Sources */ = {isa = PBXBuildFile; fileRef = A969FBE4271A089100E1C34E /* AppDelegate.m */; };
		A969FBE8271A089100E1C34E /* DocumentBrowserViewController.m in Sources */ = {isa = PBXBuildFile; fileRef = A969FBE7271A089100E1C34E /* DocumentBrowserViewController.m */; };
		A969FBEB271A089100E1C34E /* DocumentViewController.m in Sources */ = {isa = PBXBuildFile; fileRef = A969FBEA271A089100E1C34E /* DocumentViewController.m */; };
		A969FBEE271A089100E1C34E /* Document.m in Sources */ = {isa = PBXBuildFile; fileRef = A969FBED271A089100E1C34E /* Document.m */; };
		A969FBF1271A089100E1C34E /* Main.storyboard in Resources */ = {isa = PBXBuildFile; fileRef = A969FBEF271A089100E1C34E /* Main.storyboard */; };
		A969FBF3271A089200E1C34E /* Assets.xcassets in Resources */ = {isa = PBXBuildFile; fileRef = A969FBF2271A089200E1C34E /* Assets.xcassets */; };
		A969FBF6271A089200E1C34E /* LaunchScreen.storyboard in Resources */ = {isa = PBXBuildFile; fileRef = A969FBF4271A089200E1C34E /* LaunchScreen.storyboard */; };
		A969FBF9271A089200E1C34E /* main.m in Sources */ = {isa = PBXBuildFile; fileRef = A969FBF8271A089200E1C34E /* main.m */; };
		A969FC03271A089200E1C34E /* StackviewTests.m in Sources */ = {isa = PBXBuildFile; fileRef = A969FC02271A089200E1C34E /* StackviewTests.m */; };
		A969FC0D271A089200E1C34E /* StackviewUITests.m in Sources */ = {isa = PBXBuildFile; fileRef = A969FC0C271A089200E1C34E /* StackviewUITests.m */; };
		A969FC0F271A089200E1C34E /* StackviewUITestsLaunchTests.m in Sources */ = {isa = PBXBuildFile; fileRef = A969FC0E271A089200E1C34E /* StackviewUITestsLaunchTests.m */; };
/* End PBXBuildFile section */

/* Begin PBXContainerItemProxy section */
		A969FBFF271A089200E1C34E /* PBXContainerItemProxy */ = {
			isa = PBXContainerItemProxy;
			containerPortal = A969FBD8271A089100E1C34E /* Project object */;
			proxyType = 1;
			remoteGlobalIDString = A969FBDF271A089100E1C34E;
			remoteInfo = Stackview;
		};
		A969FC09271A089200E1C34E /* PBXContainerItemProxy */ = {
			isa = PBXContainerItemProxy;
			containerPortal = A969FBD8271A089100E1C34E /* Project object */;
			proxyType = 1;
			remoteGlobalIDString = A969FBDF271A089100E1C34E;
			remoteInfo = Stackview;
		};
/* End PBXContainerItemProxy section */

/* Begin PBXFileReference section */
		A969FBE0271A089100E1C34E /* Stackview.app */ = {isa = PBXFileReference; explicitFileType = wrapper.application; includeInIndex = 0; path = Stackview.app; sourceTree = BUILT_PRODUCTS_DIR; };
		A969FBE3271A089100E1C34E /* AppDelegate.h */ = {isa = PBXFileReference; lastKnownFileType = sourcecode.c.h; path = AppDelegate.h; sourceTree = "<group>"; };
		A969FBE4271A089100E1C34E /* AppDelegate.m */ = {isa = PBXFileReference; lastKnownFileType = sourcecode.c.objc; path = AppDelegate.m; sourceTree = "<group>"; };
		A969FBE6271A089100E1C34E /* DocumentBrowserViewController.h */ = {isa = PBXFileReference; lastKnownFileType = sourcecode.c.h; path = DocumentBrowserViewController.h; sourceTree = "<group>"; };
		A969FBE7271A089100E1C34E /* DocumentBrowserViewController.m */ = {isa = PBXFileReference; lastKnownFileType = sourcecode.c.objc; path = DocumentBrowserViewController.m; sourceTree = "<group>"; };
		A969FBE9271A089100E1C34E /* DocumentViewController.h */ = {isa = PBXFileReference; lastKnownFileType = sourcecode.c.h; path = DocumentViewController.h; sourceTree = "<group>"; };
		A969FBEA271A089100E1C34E /* DocumentViewController.m */ = {isa = PBXFileReference; lastKnownFileType = sourcecode.c.objc; path = DocumentViewController.m; sourceTree = "<group>"; };
		A969FBEC271A089100E1C34E /* Document.h */ = {isa = PBXFileReference; lastKnownFileType = sourcecode.c.h; path = Document.h; sourceTree = "<group>"; };
		A969FBED271A089100E1C34E /* Document.m */ = {isa = PBXFileReference; lastKnownFileType = sourcecode.c.objc; path = Document.m; sourceTree = "<group>"; };
		A969FBF0271A089100E1C34E /* Base */ = {isa = PBXFileReference; lastKnownFileType = file.storyboard; name = Base; path = Base.lproj/Main.storyboard; sourceTree = "<group>"; };
		A969FBF2271A089200E1C34E /* Assets.xcassets */ = {isa = PBXFileReference; lastKnownFileType = folder.assetcatalog; path = Assets.xcassets; sourceTree = "<group>"; };
		A969FBF5271A089200E1C34E /* Base */ = {isa = PBXFileReference; lastKnownFileType = file.storyboard; name = Base; path = Base.lproj/LaunchScreen.storyboard; sourceTree = "<group>"; };
		A969FBF7271A089200E1C34E /* Info.plist */ = {isa = PBXFileReference; lastKnownFileType = text.plist.xml; path = Info.plist; sourceTree = "<group>"; };
		A969FBF8271A089200E1C34E /* main.m */ = {isa = PBXFileReference; lastKnownFileType = sourcecode.c.objc; path = main.m; sourceTree = "<group>"; };
		A969FBFE271A089200E1C34E /* StackviewTests.xctest */ = {isa = PBXFileReference; explicitFileType = wrapper.cfbundle; includeInIndex = 0; path = StackviewTests.xctest; sourceTree = BUILT_PRODUCTS_DIR; };
		A969FC02271A089200E1C34E /* StackviewTests.m */ = {isa = PBXFileReference; lastKnownFileType = sourcecode.c.objc; path = StackviewTests.m; sourceTree = "<group>"; };
		A969FC08271A089200E1C34E /* StackviewUITests.xctest */ = {isa = PBXFileReference; explicitFileType = wrapper.cfbundle; includeInIndex = 0; path = StackviewUITests.xctest; sourceTree = BUILT_PRODUCTS_DIR; };
		A969FC0C271A089200E1C34E /* StackviewUITests.m */ = {isa = PBXFileReference; lastKnownFileType = sourcecode.c.objc; path = StackviewUITests.m; sourceTree = "<group>"; };
		A969FC0E271A089200E1C34E /* StackviewUITestsLaunchTests.m */ = {isa = PBXFileReference; lastKnownFileType = sourcecode.c.objc; path = StackviewUITestsLaunchTests.m; sourceTree = "<group>"; };
/* End PBXFileReference section */

/* Begin PBXFrameworksBuildPhase section */
		A969FBDD271A089100E1C34E /* Frameworks */ = {
			isa = PBXFrameworksBuildPhase;
			buildActionMask = 2147483647;
			files = (
			);
			runOnlyForDeploymentPostprocessing = 0;
		};
		A969FBFB271A089200E1C34E /* Frameworks */ = {
			isa = PBXFrameworksBuildPhase;
			buildActionMask = 2147483647;
			files = (
			);
			runOnlyForDeploymentPostprocessing = 0;
		};
		A969FC05271A089200E1C34E /* Frameworks */ = {
			isa = PBXFrameworksBuildPhase;
			buildActionMask = 2147483647;
			files = (
			);
			runOnlyForDeploymentPostprocessing = 0;
		};
/* End PBXFrameworksBuildPhase section */

/* Begin PBXGroup section */
		A969FBD7271A089100E1C34E = {
			isa = PBXGroup;
			children = (
				A969FBE2271A089100E1C34E /* Stackview */,
				A969FC01271A089200E1C34E /* StackviewTests */,
				A969FC0B271A089200E1C34E /* StackviewUITests */,
				A969FBE1271A089100E1C34E /* Products */,
			);
			sourceTree = "<group>";
		};
		A969FBE1271A089100E1C34E /* Products */ = {
			isa = PBXGroup;
			children = (
				A969FBE0271A089100E1C34E /* Stackview.app */,
				A969FBFE271A089200E1C34E /* StackviewTests.xctest */,
				A969FC08271A089200E1C34E /* StackviewUITests.xctest */,
			);
			name = Products;
			sourceTree = "<group>";
		};
		A969FBE2271A089100E1C34E /* Stackview */ = {
			isa = PBXGroup;
			children = (
				A969FBE3271A089100E1C34E /* AppDelegate.h */,
				A969FBE4271A089100E1C34E /* AppDelegate.m */,
				A969FBE6271A089100E1C34E /* DocumentBrowserViewController.h */,
				A969FBE7271A089100E1C34E /* DocumentBrowserViewController.m */,
				A969FBE9271A089100E1C34E /* DocumentViewController.h */,
				A969FBEA271A089100E1C34E /* DocumentViewController.m */,
				A969FBEC271A089100E1C34E /* Document.h */,
				A969FBED271A089100E1C34E /* Document.m */,
				A969FBEF271A089100E1C34E /* Main.storyboard */,
				A969FBF2271A089200E1C34E /* Assets.xcassets */,
				A969FBF4271A089200E1C34E /* LaunchScreen.storyboard */,
				A969FBF7271A089200E1C34E /* Info.plist */,
				A969FBF8271A089200E1C34E /* main.m */,
			);
			path = Stackview;
			sourceTree = "<group>";
		};
		A969FC01271A089200E1C34E /* StackviewTests */ = {
			isa = PBXGroup;
			children = (
				A969FC02271A089200E1C34E /* StackviewTests.m */,
			);
			path = StackviewTests;
			sourceTree = "<group>";
		};
		A969FC0B271A089200E1C34E /* StackviewUITests */ = {
			isa = PBXGroup;
			children = (
				A969FC0C271A089200E1C34E /* StackviewUITests.m */,
				A969FC0E271A089200E1C34E /* StackviewUITestsLaunchTests.m */,
			);
			path = StackviewUITests;
			sourceTree = "<group>";
		};
/* End PBXGroup section */

/* Begin PBXNativeTarget section */
		A969FBDF271A089100E1C34E /* Stackview */ = {
			isa = PBXNativeTarget;
			buildConfigurationList = A969FC12271A089200E1C34E /* Build configuration list for PBXNativeTarget "Stackview" */;
			buildPhases = (
				A969FBDC271A089100E1C34E /* Sources */,
				A969FBDD271A089100E1C34E /* Frameworks */,
				A969FBDE271A089100E1C34E /* Resources */,
			);
			buildRules = (
			);
			dependencies = (
			);
			name = Stackview;
			productName = Stackview;
			productReference = A969FBE0271A089100E1C34E /* Stackview.app */;
			productType = "com.apple.product-type.application";
		};
		A969FBFD271A089200E1C34E /* StackviewTests */ = {
			isa = PBXNativeTarget;
			buildConfigurationList = A969FC15271A089200E1C34E /* Build configuration list for PBXNativeTarget "StackviewTests" */;
			buildPhases = (
				A969FBFA271A089200E1C34E /* Sources */,
				A969FBFB271A089200E1C34E /* Frameworks */,
				A969FBFC271A089200E1C34E /* Resources */,
			);
			buildRules = (
			);
			dependencies = (
				A969FC00271A089200E1C34E /* PBXTargetDependency */,
			);
			name = StackviewTests;
			productName = StackviewTests;
			productReference = A969FBFE271A089200E1C34E /* StackviewTests.xctest */;
			productType = "com.apple.product-type.bundle.unit-test";
		};
		A969FC07271A089200E1C34E /* StackviewUITests */ = {
			isa = PBXNativeTarget;
			buildConfigurationList = A969FC18271A089200E1C34E /* Build configuration list for PBXNativeTarget "StackviewUITests" */;
			buildPhases = (
				A969FC04271A089200E1C34E /* Sources */,
				A969FC05271A089200E1C34E /* Frameworks */,
				A969FC06271A089200E1C34E /* Resources */,
			);
			buildRules = (
			);
			dependencies = (
				A969FC0A271A089200E1C34E /* PBXTargetDependency */,
			);
			name = StackviewUITests;
			productName = StackviewUITests;
			productReference = A969FC08271A089200E1C34E /* StackviewUITests.xctest */;
			productType = "com.apple.product-type.bundle.ui-testing";
		};
/* End PBXNativeTarget section */

/* Begin PBXProject section */
		A969FBD8271A089100E1C34E /* Project object */ = {
			isa = PBXProject;
			attributes = {
				BuildIndependentTargetsInParallel = 1;
				LastUpgradeCheck = 1300;
				TargetAttributes = {
					A969FBDF271A089100E1C34E = {
						CreatedOnToolsVersion = 13.0;
					};
					A969FBFD271A089200E1C34E = {
						CreatedOnToolsVersion = 13.0;
						TestTargetID = A969FBDF271A089100E1C34E;
					};
					A969FC07271A089200E1C34E = {
						CreatedOnToolsVersion = 13.0;
						TestTargetID = A969FBDF271A089100E1C34E;
					};
				};
			};
			buildConfigurationList = A969FBDB271A089100E1C34E /* Build configuration list for PBXProject "Stackview" */;
			compatibilityVersion = "Xcode 13.0";
			developmentRegion = en;
			hasScannedForEncodings = 0;
			knownRegions = (
				en,
				Base,
			);
			mainGroup = A969FBD7271A089100E1C34E;
			productRefGroup = A969FBE1271A089100E1C34E /* Products */;
			projectDirPath = "";
			projectRoot = "";
			targets = (
				A969FBDF271A089100E1C34E /* Stackview */,
				A969FBFD271A089200E1C34E /* StackviewTests */,
				A969FC07271A089200E1C34E /* StackviewUITests */,
			);
		};
/* End PBXProject section */

/* Begin PBXResourcesBuildPhase section */
		A969FBDE271A089100E1C34E /* Resources */ = {
			isa = PBXResourcesBuildPhase;
			buildActionMask = 2147483647;
			files = (
				A969FBF6271A089200E1C34E /* LaunchScreen.storyboard in Resources */,
				A969FBF3271A089200E1C34E /* Assets.xcassets in Resources */,
				A969FBF1271A089100E1C34E /* Main.storyboard in Resources */,
			);
			runOnlyForDeploymentPostprocessing = 0;
		};
		A969FBFC271A089200E1C34E /* Resources */ = {
			isa = PBXResourcesBuildPhase;
			buildActionMask = 2147483647;
			files = (
			);
			runOnlyForDeploymentPostprocessing = 0;
		};
		A969FC06271A089200E1C34E /* Resources */ = {
			isa = PBXResourcesBuildPhase;
			buildActionMask = 2147483647;
			files = (
			);
			runOnlyForDeploymentPostprocessing = 0;
		};
/* End PBXResourcesBuildPhase section */

/* Begin PBXSourcesBuildPhase section */
		A969FBDC271A089100E1C34E /* Sources */ = {
			isa = PBXSourcesBuildPhase;
			buildActionMask = 2147483647;
			files = (
				A969FBF9271A089200E1C34E /* main.m in Sources */,
				A969FBEE271A089100E1C34E /* Document.m in Sources */,
				A969FBE8271A089100E1C34E /* DocumentBrowserViewController.m in Sources */,
				A969FBEB271A089100E1C34E /* DocumentViewController.m in Sources */,
				A969FBE5271A089100E1C34E /* AppDelegate.m in Sources */,
			);
			runOnlyForDeploymentPostprocessing = 0;
		};
		A969FBFA271A089200E1C34E /* Sources */ = {
			isa = PBXSourcesBuildPhase;
			buildActionMask = 2147483647;
			files = (
				A969FC03271A089200E1C34E /* StackviewTests.m in Sources */,
			);
			runOnlyForDeploymentPostprocessing = 0;
		};
		A969FC04271A089200E1C34E /* Sources */ = {
			isa = PBXSourcesBuildPhase;
			buildActionMask = 2147483647;
			files = (
				A969FC0F271A089200E1C34E /* StackviewUITestsLaunchTests.m in Sources */,
				A969FC0D271A089200E1C34E /* StackviewUITests.m in Sources */,
			);
			runOnlyForDeploymentPostprocessing = 0;
		};
/* End PBXSourcesBuildPhase section */

/* Begin PBXTargetDependency section */
		A969FC00271A089200E1C34E /* PBXTargetDependency */ = {
			isa = PBXTargetDependency;
			target = A969FBDF271A089100E1C34E /* Stackview */;
			targetProxy = A969FBFF271A089200E1C34E /* PBXContainerItemProxy */;
		};
		A969FC0A271A089200E1C34E /* PBXTargetDependency */ = {
			isa = PBXTargetDependency;
			target = A969FBDF271A089100E1C34E /* Stackview */;
			targetProxy = A969FC09271A089200E1C34E /* PBXContainerItemProxy */;
		};
/* End PBXTargetDependency section */

/* Begin PBXVariantGroup section */
		A969FBEF271A089100E1C34E /* Main.storyboard */ = {
			isa = PBXVariantGroup;
			children = (
				A969FBF0271A089100E1C34E /* Base */,
			);
			name = Main.storyboard;
			sourceTree = "<group>";
		};
		A969FBF4271A089200E1C34E /* LaunchScreen.storyboard */ = {
			isa = PBXVariantGroup;
			children = (
				A969FBF5271A089200E1C34E /* Base */,
			);
			name = LaunchScreen.storyboard;
			sourceTree = "<group>";
		};
/* End PBXVariantGroup section */

/* Begin XCBuildConfiguration section */
		A969FC10271A089200E1C34E /* Debug */ = {
			isa = XCBuildConfiguration;
			buildSettings = {
				ALWAYS_SEARCH_USER_PATHS = NO;
				CLANG_ANALYZER_NONNULL = YES;
				CLANG_ANALYZER_NUMBER_OBJECT_CONVERSION = YES_AGGRESSIVE;
				CLANG_CXX_LANGUAGE_STANDARD = "gnu++17";
				CLANG_CXX_LIBRARY = "libc++";
				CLANG_ENABLE_MODULES = YES;
				CLANG_ENABLE_OBJC_ARC = YES;
				CLANG_ENABLE_OBJC_WEAK = YES;
				CLANG_WARN_BLOCK_CAPTURE_AUTORELEASING = YES;
				CLANG_WARN_BOOL_CONVERSION = YES;
				CLANG_WARN_COMMA = YES;
				CLANG_WARN_CONSTANT_CONVERSION = YES;
				CLANG_WARN_DEPRECATED_OBJC_IMPLEMENTATIONS = YES;
				CLANG_WARN_DIRECT_OBJC_ISA_USAGE = YES_ERROR;
				CLANG_WARN_DOCUMENTATION_COMMENTS = YES;
				CLANG_WARN_EMPTY_BODY = YES;
				CLANG_WARN_ENUM_CONVERSION = YES;
				CLANG_WARN_INFINITE_RECURSION = YES;
				CLANG_WARN_INT_CONVERSION = YES;
				CLANG_WARN_NON_LITERAL_NULL_CONVERSION = YES;
				CLANG_WARN_OBJC_IMPLICIT_RETAIN_SELF = YES;
				CLANG_WARN_OBJC_LITERAL_CONVERSION = YES;
				CLANG_WARN_OBJC_ROOT_CLASS = YES_ERROR;
				CLANG_WARN_QUOTED_INCLUDE_IN_FRAMEWORK_HEADER = YES;
				CLANG_WARN_RANGE_LOOP_ANALYSIS = YES;
				CLANG_WARN_STRICT_PROTOTYPES = YES;
				CLANG_WARN_SUSPICIOUS_MOVE = YES;
				CLANG_WARN_UNGUARDED_AVAILABILITY = YES_AGGRESSIVE;
				CLANG_WARN_UNREACHABLE_CODE = YES;
				CLANG_WARN__DUPLICATE_METHOD_MATCH = YES;
				COPY_PHASE_STRIP = NO;
				DEBUG_INFORMATION_FORMAT = dwarf;
				ENABLE_STRICT_OBJC_MSGSEND = YES;
				ENABLE_TESTABILITY = YES;
				GCC_C_LANGUAGE_STANDARD = gnu11;
				GCC_DYNAMIC_NO_PIC = NO;
				GCC_NO_COMMON_BLOCKS = YES;
				GCC_OPTIMIZATION_LEVEL = 0;
				GCC_PREPROCESSOR_DEFINITIONS = (
					"DEBUG=1",
					"$(inherited)",
				);
				GCC_WARN_64_TO_32_BIT_CONVERSION = YES;
				GCC_WARN_ABOUT_RETURN_TYPE = YES_ERROR;
				GCC_WARN_UNDECLARED_SELECTOR = YES;
				GCC_WARN_UNINITIALIZED_AUTOS = YES_AGGRESSIVE;
				GCC_WARN_UNUSED_FUNCTION = YES;
				GCC_WARN_UNUSED_VARIABLE = YES;
				IPHONEOS_DEPLOYMENT_TARGET = 15.0;
				MTL_ENABLE_DEBUG_INFO = INCLUDE_SOURCE;
				MTL_FAST_MATH = YES;
				ONLY_ACTIVE_ARCH = YES;
				SDKROOT = iphoneos;
			};
			name = Debug;
		};
		A969FC11271A089200E1C34E /* Release */ = {
			isa = XCBuildConfiguration;
			buildSettings = {
				ALWAYS_SEARCH_USER_PATHS = NO;
				CLANG_ANALYZER_NONNULL = YES;
				CLANG_ANALYZER_NUMBER_OBJECT_CONVERSION = YES_AGGRESSIVE;
				CLANG_CXX_LANGUAGE_STANDARD = "gnu++17";
				CLANG_CXX_LIBRARY = "libc++";
				CLANG_ENABLE_MODULES = YES;
				CLANG_ENABLE_OBJC_ARC = YES;
				CLANG_ENABLE_OBJC_WEAK = YES;
				CLANG_WARN_BLOCK_CAPTURE_AUTORELEASING = YES;
				CLANG_WARN_BOOL_CONVERSION = YES;
				CLANG_WARN_COMMA = YES;
				CLANG_WARN_CONSTANT_CONVERSION = YES;
				CLANG_WARN_DEPRECATED_OBJC_IMPLEMENTATIONS = YES;
				CLANG_WARN_DIRECT_OBJC_ISA_USAGE = YES_ERROR;
				CLANG_WARN_DOCUMENTATION_COMMENTS = YES;
				CLANG_WARN_EMPTY_BODY = YES;
				CLANG_WARN_ENUM_CONVERSION = YES;
				CLANG_WARN_INFINITE_RECURSION = YES;
				CLANG_WARN_INT_CONVERSION = YES;
				CLANG_WARN_NON_LITERAL_NULL_CONVERSION = YES;
				CLANG_WARN_OBJC_IMPLICIT_RETAIN_SELF = YES;
				CLANG_WARN_OBJC_LITERAL_CONVERSION = YES;
				CLANG_WARN_OBJC_ROOT_CLASS = YES_ERROR;
				CLANG_WARN_QUOTED_INCLUDE_IN_FRAMEWORK_HEADER = YES;
				CLANG_WARN_RANGE_LOOP_ANALYSIS = YES;
				CLANG_WARN_STRICT_PROTOTYPES = YES;
				CLANG_WARN_SUSPICIOUS_MOVE = YES;
				CLANG_WARN_UNGUARDED_AVAILABILITY = YES_AGGRESSIVE;
				CLANG_WARN_UNREACHABLE_CODE = YES;
				CLANG_WARN__DUPLICATE_METHOD_MATCH = YES;
				COPY_PHASE_STRIP = NO;
				DEBUG_INFORMATION_FORMAT = "dwarf-with-dsym";
				ENABLE_NS_ASSERTIONS = NO;
				ENABLE_STRICT_OBJC_MSGSEND = YES;
				GCC_C_LANGUAGE_STANDARD = gnu11;
				GCC_NO_COMMON_BLOCKS = YES;
				GCC_WARN_64_TO_32_BIT_CONVERSION = YES;
				GCC_WARN_ABOUT_RETURN_TYPE = YES_ERROR;
				GCC_WARN_UNDECLARED_SELECTOR = YES;
				GCC_WARN_UNINITIALIZED_AUTOS = YES_AGGRESSIVE;
				GCC_WARN_UNUSED_FUNCTION = YES;
				GCC_WARN_UNUSED_VARIABLE = YES;
				IPHONEOS_DEPLOYMENT_TARGET = 15.0;
				MTL_ENABLE_DEBUG_INFO = NO;
				MTL_FAST_MATH = YES;
				SDKROOT = iphoneos;
				VALIDATE_PRODUCT = YES;
			};
			name = Release;
		};
		A969FC13271A089200E1C34E /* Debug */ = {
			isa = XCBuildConfiguration;
			buildSettings = {
				ASSETCATALOG_COMPILER_APPICON_NAME = AppIcon;
				ASSETCATALOG_COMPILER_GLOBAL_ACCENT_COLOR_NAME = AccentColor;
				CODE_SIGN_STYLE = Automatic;
				CURRENT_PROJECT_VERSION = 1;
				GENERATE_INFOPLIST_FILE = YES;
				INFOPLIST_FILE = Stackview/Info.plist;
				INFOPLIST_KEY_UIApplicationSupportsIndirectInputEvents = YES;
				INFOPLIST_KEY_UILaunchStoryboardName = LaunchScreen;
				INFOPLIST_KEY_UIMainStoryboardFile = Main;
				INFOPLIST_KEY_UISupportedInterfaceOrientations_iPad = "UIInterfaceOrientationPortrait UIInterfaceOrientationPortraitUpsideDown UIInterfaceOrientationLandscapeLeft UIInterfaceOrientationLandscapeRight";
				INFOPLIST_KEY_UISupportedInterfaceOrientations_iPhone = "UIInterfaceOrientationPortrait UIInterfaceOrientationLandscapeLeft UIInterfaceOrientationLandscapeRight";
				INFOPLIST_KEY_UISupportsDocumentBrowser = YES;
				LD_RUNPATH_SEARCH_PATHS = (
					"$(inherited)",
					"@executable_path/Frameworks",
				);
				MARKETING_VERSION = 1.0;
				PRODUCT_BUNDLE_IDENTIFIER = com.esTech.Stackview;
				PRODUCT_NAME = "$(TARGET_NAME)";
				SWIFT_EMIT_LOC_STRINGS = YES;
				TARGETED_DEVICE_FAMILY = "1,2";
			};
			name = Debug;
		};
		A969FC14271A089200E1C34E /* Release */ = {
			isa = XCBuildConfiguration;
			buildSettings = {
				ASSETCATALOG_COMPILER_APPICON_NAME = AppIcon;
				ASSETCATALOG_COMPILER_GLOBAL_ACCENT_COLOR_NAME = AccentColor;
				CODE_SIGN_STYLE = Automatic;
				CURRENT_PROJECT_VERSION = 1;
				GENERATE_INFOPLIST_FILE = YES;
				INFOPLIST_FILE = Stackview/Info.plist;
				INFOPLIST_KEY_UIApplicationSupportsIndirectInputEvents = YES;
				INFOPLIST_KEY_UILaunchStoryboardName = LaunchScreen;
				INFOPLIST_KEY_UIMainStoryboardFile = Main;
				INFOPLIST_KEY_UISupportedInterfaceOrientations_iPad = "UIInterfaceOrientationPortrait UIInterfaceOrientationPortraitUpsideDown UIInterfaceOrientationLandscapeLeft UIInterfaceOrientationLandscapeRight";
				INFOPLIST_KEY_UISupportedInterfaceOrientations_iPhone = "UIInterfaceOrientationPortrait UIInterfaceOrientationLandscapeLeft UIInterfaceOrientationLandscapeRight";
				INFOPLIST_KEY_UISupportsDocumentBrowser = YES;
				LD_RUNPATH_SEARCH_PATHS = (
					"$(inherited)",
					"@executable_path/Frameworks",
				);
				MARKETING_VERSION = 1.0;
				PRODUCT_BUNDLE_IDENTIFIER = com.esTech.Stackview;
				PRODUCT_NAME = "$(TARGET_NAME)";
				SWIFT_EMIT_LOC_STRINGS = YES;
				TARGETED_DEVICE_FAMILY = "1,2";
			};
			name = Release;
		};
		A969FC16271A089200E1C34E /* Debug */ = {
			isa = XCBuildConfiguration;
			buildSettings = {
				BUNDLE_LOADER = "$(TEST_HOST)";
				CODE_SIGN_STYLE = Automatic;
				CURRENT_PROJECT_VERSION = 1;
				GENERATE_INFOPLIST_FILE = YES;
				IPHONEOS_DEPLOYMENT_TARGET = 15.0;
				LD_RUNPATH_SEARCH_PATHS = (
					"$(inherited)",
					"@executable_path/Frameworks",
					"@loader_path/Frameworks",
				);
				MARKETING_VERSION = 1.0;
				PRODUCT_BUNDLE_IDENTIFIER = com.esTech.StackviewTests;
				PRODUCT_NAME = "$(TARGET_NAME)";
				SWIFT_EMIT_LOC_STRINGS = NO;
				TARGETED_DEVICE_FAMILY = "1,2";
				TEST_HOST = "$(BUILT_PRODUCTS_DIR)/Stackview.app/Stackview";
			};
			name = Debug;
		};
		A969FC17271A089200E1C34E /* Release */ = {
			isa = XCBuildConfiguration;
			buildSettings = {
				BUNDLE_LOADER = "$(TEST_HOST)";
				CODE_SIGN_STYLE = Automatic;
				CURRENT_PROJECT_VERSION = 1;
				GENERATE_INFOPLIST_FILE = YES;
				IPHONEOS_DEPLOYMENT_TARGET = 15.0;
				LD_RUNPATH_SEARCH_PATHS = (
					"$(inherited)",
					"@executable_path/Frameworks",
					"@loader_path/Frameworks",
				);
				MARKETING_VERSION = 1.0;
				PRODUCT_BUNDLE_IDENTIFIER = com.esTech.StackviewTests;
				PRODUCT_NAME = "$(TARGET_NAME)";
				SWIFT_EMIT_LOC_STRINGS = NO;
				TARGETED_DEVICE_FAMILY = "1,2";
				TEST_HOST = "$(BUILT_PRODUCTS_DIR)/Stackview.app/Stackview";
			};
			name = Release;
		};
		A969FC19271A089200E1C34E /* Debug */ = {
			isa = XCBuildConfiguration;
			buildSettings = {
				CODE_SIGN_STYLE = Automatic;
				CURRENT_PROJECT_VERSION = 1;
				GENERATE_INFOPLIST_FILE = YES;
				LD_RUNPATH_SEARCH_PATHS = (
					"$(inherited)",
					"@executable_path/Frameworks",
					"@loader_path/Frameworks",
				);
				MARKETING_VERSION = 1.0;
				PRODUCT_BUNDLE_IDENTIFIER = com.esTech.StackviewUITests;
				PRODUCT_NAME = "$(TARGET_NAME)";
				SWIFT_EMIT_LOC_STRINGS = NO;
				TARGETED_DEVICE_FAMILY = "1,2";
				TEST_TARGET_NAME = Stackview;
			};
			name = Debug;
		};
		A969FC1A271A089200E1C34E /* Release */ = {
			isa = XCBuildConfiguration;
			buildSettings = {
				CODE_SIGN_STYLE = Automatic;
				CURRENT_PROJECT_VERSION = 1;
				GENERATE_INFOPLIST_FILE = YES;
				LD_RUNPATH_SEARCH_PATHS = (
					"$(inherited)",
					"@executable_path/Frameworks",
					"@loader_path/Frameworks",
				);
				MARKETING_VERSION = 1.0;
				PRODUCT_BUNDLE_IDENTIFIER = com.esTech.StackviewUITests;
				PRODUCT_NAME = "$(TARGET_NAME)";
				SWIFT_EMIT_LOC_STRINGS = NO;
				TARGETED_DEVICE_FAMILY = "1,2";
				TEST_TARGET_NAME = Stackview;
			};
			name = Release;
		};
/* End XCBuildConfiguration section */

/* Begin XCConfigurationList section */
		A969FBDB271A089100E1C34E /* Build configuration list for PBXProject "Stackview" */ = {
			isa = XCConfigurationList;
			buildConfigurations = (
				A969FC10271A089200E1C34E /* Debug */,
				A969FC11271A089200E1C34E /* Release */,
			);
			defaultConfigurationIsVisible = 0;
			defaultConfigurationName = Release;
		};
		A969FC12271A089200E1C34E /* Build configuration list for PBXNativeTarget "Stackview" */ = {
			isa = XCConfigurationList;
			buildConfigurations = (
				A969FC13271A089200E1C34E /* Debug */,
				A969FC14271A089200E1C34E /* Release */,
			);
			defaultConfigurationIsVisible = 0;
			defaultConfigurationName = Release;
		};
		A969FC15271A089200E1C34E /* Build configuration list for PBXNativeTarget "StackviewTests" */ = {
			isa = XCConfigurationList;
			buildConfigurations = (
				A969FC16271A089200E1C34E /* Debug */,
				A969FC17271A089200E1C34E /* Release */,
			);
			defaultConfigurationIsVisible = 0;
			defaultConfigurationName = Release;
		};
		A969FC18271A089200E1C34E /* Build configuration list for PBXNativeTarget "StackviewUITests" */ = {
			isa = XCConfigurationList;
			buildConfigurations = (
				A969FC19271A089200E1C34E /* Debug */,
				A969FC1A271A089200E1C34E /* Release */,
			);
			defaultConfigurationIsVisible = 0;
			defaultConfigurationName = Release;
		};
/* End XCConfigurationList section */
	};
	rootObject = A969FBD8271A089100E1C34E /* Project object */;
}
